
Microsoft Visual Studio Solution File, Format Version 12.00
# Visual Studio Version 16
VisualStudioVersion = 16.0.29609.76
MinimumVisualStudioVersion = 10.0.40219.1
Project("{888888A0-9F3D-457C-B088-3A5042F75D52}") = "ayuval", "ayuval\ayuval.pyproj", "{168FE64C-6E27-4A55-B5CC-B3E11E35FA8E}"
EndProject
Global
	GlobalSection(SolutionConfigurationPlatforms) = preSolution
		Debug|Any CPU = Debug|Any CPU
		Release|Any CPU = Release|Any CPU
	EndGlobalSection
	GlobalSection(ProjectConfigurationPlatforms) = postSolution
		{168FE64C-6E27-4A55-B5CC-B3E11E35FA8E}.Debug|Any CPU.ActiveCfg = Debug|Any CPU
		{168FE64C-6E27-4A55-B5CC-B3E11E35FA8E}.Debug|Any CPU.Build.0 = Debug|Any CPU
		{168FE64C-6E27-4A55-B5CC-B3E11E35FA8E}.Release|Any CPU.ActiveCfg = Release|Any CPU
		{168FE64C-6E27-4A55-B5CC-B3E11E35FA8E}.Release|Any CPU.Build.0 = Release|Any CPU
	EndGlobalSection
	GlobalSection(SolutionProperties) = preSolution
		HideSolutionNode = FALSE
	EndGlobalSection
	GlobalSection(ExtensibilityGlobals) = postSolution
		SolutionGuid = {2EDA8BDA-AF77-4DFA-9437-D3B3D27CC75C}
	EndGlobalSection
EndGlobal
